
Microsoft Visual Studio Solution File, Format Version 12.00
# Visual Studio Express 2013 for Windows Desktop
VisualStudioVersion = 12.0.40629.0
MinimumVisualStudioVersion = 10.0.40219.1
Project("{8BC9CEB8-8B4A-11D0-8D11-00A0C91BC942}") = "LifeGameGL", "LifeGameGL\LifeGameGL.vcxproj", "{D1620D51-39FA-4E38-9859-D5C4FE8980CE}"
EndProject
Project("{8BC9CEB8-8B4A-11D0-8D11-00A0C91BC942}") = "LifeGameEarth", "LifeGameEarth\LifeGameEarth.vcxproj", "{9BAA724B-B4C7-4914-9712-2D1D8C3B7E59}"
EndProject
Project("{8BC9CEB8-8B4A-11D0-8D11-00A0C91BC942}") = "OpenGl_Test", "OpenGl_Test\OpenGl_Test.vcxproj", "{4ADF2319-EED6-4D76-AEB3-B02C3A04C9E1}"
EndProject
Project("{8BC9CEB8-8B4A-11D0-8D11-00A0C91BC942}") = "GPGPU_test", "GPGPU_test\GPGPU_test.vcxproj", "{8047B060-1958-46BA-BA81-494D96536A78}"
EndProject
Project("{8BC9CEB8-8B4A-11D0-8D11-00A0C91BC942}") = "GPGPU_test_lifegame", "GPGPU_test_lifegame\GPGPU_test_lifegame.vcxproj", "{C475B340-6B4C-4AFD-B4FB-CBEB7E20C0C3}"
EndProject
Project("{8BC9CEB8-8B4A-11D0-8D11-00A0C91BC942}") = "GPGPU_test_copy", "GPGPU_test_copy\GPGPU_test_copy.vcxproj", "{ADD292EA-4DF1-4B7B-8013-4AC362307DCE}"
EndProject
Global
	GlobalSection(SolutionConfigurationPlatforms) = preSolution
		Debug|Mixed Platforms = Debug|Mixed Platforms
		Debug|Win32 = Debug|Win32
		Debug|x64 = Debug|x64
		Release|Mixed Platforms = Release|Mixed Platforms
		Release|Win32 = Release|Win32
		Release|x64 = Release|x64
	EndGlobalSection
	GlobalSection(ProjectConfigurationPlatforms) = postSolution
		{D1620D51-39FA-4E38-9859-D5C4FE8980CE}.Debug|Mixed Platforms.ActiveCfg = Debug|Win32
		{D1620D51-39FA-4E38-9859-D5C4FE8980CE}.Debug|Mixed Platforms.Build.0 = Debug|Win32
		{D1620D51-39FA-4E38-9859-D5C4FE8980CE}.Debug|Win32.ActiveCfg = Debug|Win32
		{D1620D51-39FA-4E38-9859-D5C4FE8980CE}.Debug|Win32.Build.0 = Debug|Win32
		{D1620D51-39FA-4E38-9859-D5C4FE8980CE}.Debug|x64.ActiveCfg = Debug|x64
		{D1620D51-39FA-4E38-9859-D5C4FE8980CE}.Debug|x64.Build.0 = Debug|x64
		{D1620D51-39FA-4E38-9859-D5C4FE8980CE}.Release|Mixed Platforms.ActiveCfg = Release|Win32
		{D1620D51-39FA-4E38-9859-D5C4FE8980CE}.Release|Mixed Platforms.Build.0 = Release|Win32
		{D1620D51-39FA-4E38-9859-D5C4FE8980CE}.Release|Win32.ActiveCfg = Release|Win32
		{D1620D51-39FA-4E38-9859-D5C4FE8980CE}.Release|Win32.Build.0 = Release|Win32
		{D1620D51-39FA-4E38-9859-D5C4FE8980CE}.Release|x64.ActiveCfg = Release|x64
		{D1620D51-39FA-4E38-9859-D5C4FE8980CE}.Release|x64.Build.0 = Release|x64
		{9BAA724B-B4C7-4914-9712-2D1D8C3B7E59}.Debug|Mixed Platforms.ActiveCfg = Debug|Win32
		{9BAA724B-B4C7-4914-9712-2D1D8C3B7E59}.Debug|Mixed Platforms.Build.0 = Debug|Win32
		{9BAA724B-B4C7-4914-9712-2D1D8C3B7E59}.Debug|Win32.ActiveCfg = Debug|Win32
		{9BAA724B-B4C7-4914-9712-2D1D8C3B7E59}.Debug|Win32.Build.0 = Debug|Win32
		{9BAA724B-B4C7-4914-9712-2D1D8C3B7E59}.Debug|x64.ActiveCfg = Debug|x64
		{9BAA724B-B4C7-4914-9712-2D1D8C3B7E59}.Debug|x64.Build.0 = Debug|x64
		{9BAA724B-B4C7-4914-9712-2D1D8C3B7E59}.Release|Mixed Platforms.ActiveCfg = Release|Win32
		{9BAA724B-B4C7-4914-9712-2D1D8C3B7E59}.Release|Mixed Platforms.Build.0 = Release|Win32
		{9BAA724B-B4C7-4914-9712-2D1D8C3B7E59}.Release|Win32.ActiveCfg = Release|Win32
		{9BAA724B-B4C7-4914-9712-2D1D8C3B7E59}.Release|Win32.Build.0 = Release|Win32
		{9BAA724B-B4C7-4914-9712-2D1D8C3B7E59}.Release|x64.ActiveCfg = Release|x64
		{9BAA724B-B4C7-4914-9712-2D1D8C3B7E59}.Release|x64.Build.0 = Release|x64
		{4ADF2319-EED6-4D76-AEB3-B02C3A04C9E1}.Debug|Mixed Platforms.ActiveCfg = Debug|Win32
		{4ADF2319-EED6-4D76-AEB3-B02C3A04C9E1}.Debug|Mixed Platforms.Build.0 = Debug|Win32
		{4ADF2319-EED6-4D76-AEB3-B02C3A04C9E1}.Debug|Win32.ActiveCfg = Debug|Win32
		{4ADF2319-EED6-4D76-AEB3-B02C3A04C9E1}.Debug|Win32.Build.0 = Debug|Win32
		{4ADF2319-EED6-4D76-AEB3-B02C3A04C9E1}.Debug|x64.ActiveCfg = Debug|x64
		{4ADF2319-EED6-4D76-AEB3-B02C3A04C9E1}.Debug|x64.Build.0 = Debug|x64
		{4ADF2319-EED6-4D76-AEB3-B02C3A04C9E1}.Release|Mixed Platforms.ActiveCfg = Release|Win32
		{4ADF2319-EED6-4D76-AEB3-B02C3A04C9E1}.Release|Mixed Platforms.Build.0 = Release|Win32
		{4ADF2319-EED6-4D76-AEB3-B02C3A04C9E1}.Release|Win32.ActiveCfg = Release|Win32
		{4ADF2319-EED6-4D76-AEB3-B02C3A04C9E1}.Release|Win32.Build.0 = Release|Win32
		{4ADF2319-EED6-4D76-AEB3-B02C3A04C9E1}.Release|x64.ActiveCfg = Release|x64
		{4ADF2319-EED6-4D76-AEB3-B02C3A04C9E1}.Release|x64.Build.0 = Release|x64
		{8047B060-1958-46BA-BA81-494D96536A78}.Debug|Mixed Platforms.ActiveCfg = Debug|Win32
		{8047B060-1958-46BA-BA81-494D96536A78}.Debug|Mixed Platforms.Build.0 = Debug|Win32
		{8047B060-1958-46BA-BA81-494D96536A78}.Debug|Win32.ActiveCfg = Debug|Win32
		{8047B060-1958-46BA-BA81-494D96536A78}.Debug|Win32.Build.0 = Debug|Win32
		{8047B060-1958-46BA-BA81-494D96536A78}.Debug|x64.ActiveCfg = Debug|x64
		{8047B060-1958-46BA-BA81-494D96536A78}.Debug|x64.Build.0 = Debug|x64
		{8047B060-1958-46BA-BA81-494D96536A78}.Release|Mixed Platforms.ActiveCfg = Release|Win32
		{8047B060-1958-46BA-BA81-494D96536A78}.Release|Mixed Platforms.Build.0 = Release|Win32
		{8047B060-1958-46BA-BA81-494D96536A78}.Release|Win32.ActiveCfg = Release|Win32
		{8047B060-1958-46BA-BA81-494D96536A78}.Release|Win32.Build.0 = Release|Win32
		{8047B060-1958-46BA-BA81-494D96536A78}.Release|x64.ActiveCfg = Release|x64
		{8047B060-1958-46BA-BA81-494D96536A78}.Release|x64.Build.0 = Release|x64
		{C475B340-6B4C-4AFD-B4FB-CBEB7E20C0C3}.Debug|Mixed Platforms.ActiveCfg = Debug|Win32
		{C475B340-6B4C-4AFD-B4FB-CBEB7E20C0C3}.Debug|Mixed Platforms.Build.0 = Debug|Win32
		{C475B340-6B4C-4AFD-B4FB-CBEB7E20C0C3}.Debug|Win32.ActiveCfg = Debug|Win32
		{C475B340-6B4C-4AFD-B4FB-CBEB7E20C0C3}.Debug|Win32.Build.0 = Debug|Win32
		{C475B340-6B4C-4AFD-B4FB-CBEB7E20C0C3}.Debug|x64.ActiveCfg = Debug|x64
		{C475B340-6B4C-4AFD-B4FB-CBEB7E20C0C3}.Debug|x64.Build.0 = Debug|x64
		{C475B340-6B4C-4AFD-B4FB-CBEB7E20C0C3}.Release|Mixed Platforms.ActiveCfg = Release|Win32
		{C475B340-6B4C-4AFD-B4FB-CBEB7E20C0C3}.Release|Mixed Platforms.Build.0 = Release|Win32
		{C475B340-6B4C-4AFD-B4FB-CBEB7E20C0C3}.Release|Win32.ActiveCfg = Release|Win32
		{C475B340-6B4C-4AFD-B4FB-CBEB7E20C0C3}.Release|Win32.Build.0 = Release|Win32
		{C475B340-6B4C-4AFD-B4FB-CBEB7E20C0C3}.Release|x64.ActiveCfg = Release|x64
		{C475B340-6B4C-4AFD-B4FB-CBEB7E20C0C3}.Release|x64.Build.0 = Release|x64
		{ADD292EA-4DF1-4B7B-8013-4AC362307DCE}.Debug|Mixed Platforms.ActiveCfg = Debug|Win32
		{ADD292EA-4DF1-4B7B-8013-4AC362307DCE}.Debug|Mixed Platforms.Build.0 = Debug|Win32
		{ADD292EA-4DF1-4B7B-8013-4AC362307DCE}.Debug|Win32.ActiveCfg = Debug|Win32
		{ADD292EA-4DF1-4B7B-8013-4AC362307DCE}.Debug|Win32.Build.0 = Debug|Win32
		{ADD292EA-4DF1-4B7B-8013-4AC362307DCE}.Debug|x64.ActiveCfg = Debug|x64
		{ADD292EA-4DF1-4B7B-8013-4AC362307DCE}.Debug|x64.Build.0 = Debug|x64
		{ADD292EA-4DF1-4B7B-8013-4AC362307DCE}.Release|Mixed Platforms.ActiveCfg = Release|Win32
		{ADD292EA-4DF1-4B7B-8013-4AC362307DCE}.Release|Mixed Platforms.Build.0 = Release|Win32
		{ADD292EA-4DF1-4B7B-8013-4AC362307DCE}.Release|Win32.ActiveCfg = Release|Win32
		{ADD292EA-4DF1-4B7B-8013-4AC362307DCE}.Release|Win32.Build.0 = Release|Win32
		{ADD292EA-4DF1-4B7B-8013-4AC362307DCE}.Release|x64.ActiveCfg = Release|x64
		{ADD292EA-4DF1-4B7B-8013-4AC362307DCE}.Release|x64.Build.0 = Release|x64
	EndGlobalSection
	GlobalSection(SolutionProperties) = preSolution
		HideSolutionNode = FALSE
	EndGlobalSection
EndGlobal
